// !$*UTF8*$!
{
	archiveVersion = 1;
	classes = {
	};
	objectVersion = 46;
	objects = {

/* Begin PBXBuildFile section */
		D4B5C6E01E3984DA009794B2 /* AppDelegate.swift in Sources */ = {isa = PBXBuildFile; fileRef = D4B5C6DF1E3984DA009794B2 /* AppDelegate.swift */; };
		D4B5C6E21E3984DA009794B2 /* GameScene.sks in Resources */ = {isa = PBXBuildFile; fileRef = D4B5C6E11E3984DA009794B2 /* GameScene.sks */; };
		D4B5C6E41E3984DA009794B2 /* Actions.sks in Resources */ = {isa = PBXBuildFile; fileRef = D4B5C6E31E3984DA009794B2 /* Actions.sks */; };
		D4B5C6E61E3984DA009794B2 /* GameScene.swift in Sources */ = {isa = PBXBuildFile; fileRef = D4B5C6E51E3984DA009794B2 /* GameScene.swift */; };
		D4B5C6E81E3984DA009794B2 /* ViewController.swift in Sources */ = {isa = PBXBuildFile; fileRef = D4B5C6E71E3984DA009794B2 /* ViewController.swift */; };
		D4B5C6EA1E3984DA009794B2 /* Assets.xcassets in Resources */ = {isa = PBXBuildFile; fileRef = D4B5C6E91E3984DA009794B2 /* Assets.xcassets */; };
		D4B5C6ED1E3984DA009794B2 /* Main.storyboard in Resources */ = {isa = PBXBuildFile; fileRef = D4B5C6EB1E3984DA009794B2 /* Main.storyboard */; };
/* End PBXBuildFile section */

/* Begin PBXFileReference section */
		D4B5C6DC1E3984DA009794B2 /* CircleRun.app */ = {isa = PBXFileReference; explicitFileType = wrapper.application; includeInIndex = 0; path = CircleRun.app; sourceTree = BUILT_PRODUCTS_DIR; };
		D4B5C6DF1E3984DA009794B2 /* AppDelegate.swift */ = {isa = PBXFileReference; lastKnownFileType = sourcecode.swift; path = AppDelegate.swift; sourceTree = "<group>"; };
		D4B5C6E11E3984DA009794B2 /* GameScene.sks */ = {isa = PBXFileReference; lastKnownFileType = file.sks; path = GameScene.sks; sourceTree = "<group>"; };
		D4B5C6E31E3984DA009794B2 /* Actions.sks */ = {isa = PBXFileReference; lastKnownFileType = file.sks; path = Actions.sks; sourceTree = "<group>"; };
		D4B5C6E51E3984DA009794B2 /* GameScene.swift */ = {isa = PBXFileReference; lastKnownFileType = sourcecode.swift; path = GameScene.swift; sourceTree = "<group>"; };
		D4B5C6E71E3984DA009794B2 /* ViewController.swift */ = {isa = PBXFileReference; lastKnownFileType = sourcecode.swift; path = ViewController.swift; sourceTree = "<group>"; };
		D4B5C6E91E3984DA009794B2 /* Assets.xcassets */ = {isa = PBXFileReference; lastKnownFileType = folder.assetcatalog; path = Assets.xcassets; sourceTree = "<group>"; };
		D4B5C6EC1E3984DA009794B2 /* Base */ = {isa = PBXFileReference; lastKnownFileType = file.storyboard; name = Base; path = Base.lproj/Main.storyboard; sourceTree = "<group>"; };
		D4B5C6EE1E3984DA009794B2 /* Info.plist */ = {isa = PBXFileReference; lastKnownFileType = text.plist.xml; path = Info.plist; sourceTree = "<group>"; };
/* End PBXFileReference section */

/* Begin PBXFrameworksBuildPhase section */
		D4B5C6D91E3984DA009794B2 /* Frameworks */ = {
			isa = PBXFrameworksBuildPhase;
			buildActionMask = 2147483647;
			files = (
			);
			runOnlyForDeploymentPostprocessing = 0;
		};
/* End PBXFrameworksBuildPhase section */

/* Begin PBXGroup section */
		D4B5C6D31E3984DA009794B2 = {
			isa = PBXGroup;
			children = (
				D4B5C6DE1E3984DA009794B2 /* CircleRun */,
				D4B5C6DD1E3984DA009794B2 /* Products */,
			);
			sourceTree = "<group>";
		};
		D4B5C6DD1E3984DA009794B2 /* Products */ = {
			isa = PBXGroup;
			children = (
				D4B5C6DC1E3984DA009794B2 /* CircleRun.app */,
			);
			name = Products;
			sourceTree = "<group>";
		};
		D4B5C6DE1E3984DA009794B2 /* CircleRun */ = {
			isa = PBXGroup;
			children = (
				D4B5C6DF1E3984DA009794B2 /* AppDelegate.swift */,
				D4B5C6E11E3984DA009794B2 /* GameScene.sks */,
				D4B5C6E31E3984DA009794B2 /* Actions.sks */,
				D4B5C6E51E3984DA009794B2 /* GameScene.swift */,
				D4B5C6E71E3984DA009794B2 /* ViewController.swift */,
				D4B5C6E91E3984DA009794B2 /* Assets.xcassets */,
				D4B5C6EB1E3984DA009794B2 /* Main.storyboard */,
				D4B5C6EE1E3984DA009794B2 /* Info.plist */,
			);
			path = CircleRun;
			sourceTree = "<group>";
		};
/* End PBXGroup section */

/* Begin PBXNativeTarget section */
		D4B5C6DB1E3984DA009794B2 /* CircleRun */ = {
			isa = PBXNativeTarget;
			buildConfigurationList = D4B5C6F11E3984DA009794B2 /* Build configuration list for PBXNativeTarget "CircleRun" */;
			buildPhases = (
				D4B5C6D81E3984DA009794B2 /* Sources */,
				D4B5C6D91E3984DA009794B2 /* Frameworks */,
				D4B5C6DA1E3984DA009794B2 /* Resources */,
			);
			buildRules = (
			);
			dependencies = (
			);
			name = CircleRun;
			productName = CircleRun;
			productReference = D4B5C6DC1E3984DA009794B2 /* CircleRun.app */;
			productType = "com.apple.product-type.application";
		};
/* End PBXNativeTarget section */

/* Begin PBXProject section */
		D4B5C6D41E3984DA009794B2 /* Project object */ = {
			isa = PBXProject;
			attributes = {
				LastSwiftUpdateCheck = 0820;
				LastUpgradeCheck = 0820;
				ORGANIZATIONNAME = VTR;
				TargetAttributes = {
					D4B5C6DB1E3984DA009794B2 = {
						CreatedOnToolsVersion = 8.2.1;
						DevelopmentTeam = A975LQD622;
						ProvisioningStyle = Automatic;
					};
				};
			};
			buildConfigurationList = D4B5C6D71E3984DA009794B2 /* Build configuration list for PBXProject "CircleRun" */;
			compatibilityVersion = "Xcode 3.2";
			developmentRegion = English;
			hasScannedForEncodings = 0;
			knownRegions = (
				en,
				Base,
			);
			mainGroup = D4B5C6D31E3984DA009794B2;
			productRefGroup = D4B5C6DD1E3984DA009794B2 /* Products */;
			projectDirPath = "";
			projectRoot = "";
			targets = (
				D4B5C6DB1E3984DA009794B2 /* CircleRun */,
			);
		};
/* End PBXProject section */

/* Begin PBXResourcesBuildPhase section */
		D4B5C6DA1E3984DA009794B2 /* Resources */ = {
			isa = PBXResourcesBuildPhase;
			buildActionMask = 2147483647;
			files = (
				D4B5C6E21E3984DA009794B2 /* GameScene.sks in Resources */,
				D4B5C6EA1E3984DA009794B2 /* Assets.xcassets in Resources */,
				D4B5C6E41E3984DA009794B2 /* Actions.sks in Resources */,
				D4B5C6ED1E3984DA009794B2 /* Main.storyboard in Resources */,
			);
			runOnlyForDeploymentPostprocessing = 0;
		};
/* End PBXResourcesBuildPhase section */

/* Begin PBXSourcesBuildPhase section */
		D4B5C6D81E3984DA009794B2 /* Sources */ = {
			isa = PBXSourcesBuildPhase;
			buildActionMask = 2147483647;
			files = (
				D4B5C6E81E3984DA009794B2 /* ViewController.swift in Sources */,
				D4B5C6E61E3984DA009794B2 /* GameScene.swift in Sources */,
				D4B5C6E01E3984DA009794B2 /* AppDelegate.swift in Sources */,
			);
			runOnlyForDeploymentPostprocessing = 0;
		};
/* End PBXSourcesBuildPhase section */

/* Begin PBXVariantGroup section */
		D4B5C6EB1E3984DA009794B2 /* Main.storyboard */ = {
			isa = PBXVariantGroup;
			children = (
				D4B5C6EC1E3984DA009794B2 /* Base */,
			);
			name = Main.storyboard;
			sourceTree = "<group>";
		};
/* End PBXVariantGroup section */

/* Begin XCBuildConfiguration section */
		D4B5C6EF1E3984DA009794B2 /* Debug */ = {
			isa = XCBuildConfiguration;
			buildSettings = {
				ALWAYS_SEARCH_USER_PATHS = NO;
				CLANG_ANALYZER_NONNULL = YES;
				CLANG_CXX_LANGUAGE_STANDARD = "gnu++0x";
				CLANG_CXX_LIBRARY = "libc++";
				CLANG_ENABLE_MODULES = YES;
				CLANG_ENABLE_OBJC_ARC = YES;
				CLANG_WARN_BOOL_CONVERSION = YES;
				CLANG_WARN_CONSTANT_CONVERSION = YES;
				CLANG_WARN_DIRECT_OBJC_ISA_USAGE = YES_ERROR;
				CLANG_WARN_DOCUMENTATION_COMMENTS = YES;
				CLANG_WARN_EMPTY_BODY = YES;
				CLANG_WARN_ENUM_CONVERSION = YES;
				CLANG_WARN_INFINITE_RECURSION = YES;
				CLANG_WARN_INT_CONVERSION = YES;
				CLANG_WARN_OBJC_ROOT_CLASS = YES_ERROR;
				CLANG_WARN_SUSPICIOUS_MOVE = YES;
				CLANG_WARN_UNREACHABLE_CODE = YES;
				CLANG_WARN__DUPLICATE_METHOD_MATCH = YES;
				CODE_SIGN_IDENTITY = "-";
				COPY_PHASE_STRIP = NO;
				DEBUG_INFORMATION_FORMAT = dwarf;
				ENABLE_STRICT_OBJC_MSGSEND = YES;
				ENABLE_TESTABILITY = YES;
				GCC_C_LANGUAGE_STANDARD = gnu99;
				GCC_DYNAMIC_NO_PIC = NO;
				GCC_NO_COMMON_BLOCKS = YES;
				GCC_OPTIMIZATION_LEVEL = 0;
				GCC_PREPROCESSOR_DEFINITIONS = (
					"DEBUG=1",
					"$(inherited)",
				);
				GCC_WARN_64_TO_32_BIT_CONVERSION = YES;
				GCC_WARN_ABOUT_RETURN_TYPE = YES_ERROR;
				GCC_WARN_UNDECLARED_SELECTOR = YES;
				GCC_WARN_UNINITIALIZED_AUTOS = YES_AGGRESSIVE;
				GCC_WARN_UNUSED_FUNCTION = YES;
				GCC_WARN_UNUSED_VARIABLE = YES;
				MACOSX_DEPLOYMENT_TARGET = 10.12;
				MTL_ENABLE_DEBUG_INFO = YES;
				ONLY_ACTIVE_ARCH = YES;
				SDKROOT = macosx;
				SWIFT_ACTIVE_COMPILATION_CONDITIONS = DEBUG;
				SWIFT_OPTIMIZATION_LEVEL = "-Onone";
			};
			name = Debug;
		};
		D4B5C6F01E3984DA009794B2 /* Release */ = {
			isa = XCBuildConfiguration;
			buildSettings = {
				ALWAYS_SEARCH_USER_PATHS = NO;
				CLANG_ANALYZER_NONNULL = YES;
				CLANG_CXX_LANGUAGE_STANDARD = "gnu++0x";
				CLANG_CXX_LIBRARY = "libc++";
				CLANG_ENABLE_MODULES = YES;
				CLANG_ENABLE_OBJC_ARC = YES;
				CLANG_WARN_BOOL_CONVERSION = YES;
				CLANG_WARN_CONSTANT_CONVERSION = YES;
				CLANG_WARN_DIRECT_OBJC_ISA_USAGE = YES_ERROR;
				CLANG_WARN_DOCUMENTATION_COMMENTS = YES;
				CLANG_WARN_EMPTY_BODY = YES;
				CLANG_WARN_ENUM_CONVERSION = YES;
				CLANG_WARN_INFINITE_RECURSION = YES;
				CLANG_WARN_INT_CONVERSION = YES;
				CLANG_WARN_OBJC_ROOT_CLASS = YES_ERROR;
				CLANG_WARN_SUSPICIOUS_MOVE = YES;
				CLANG_WARN_UNREACHABLE_CODE = YES;
				CLANG_WARN__DUPLICATE_METHOD_MATCH = YES;
				CODE_SIGN_IDENTITY = "-";
				COPY_PHASE_STRIP = NO;
				DEBUG_INFORMATION_FORMAT = "dwarf-with-dsym";
				ENABLE_NS_ASSERTIONS = NO;
				ENABLE_STRICT_OBJC_MSGSEND = YES;
				GCC_C_LANGUAGE_STANDARD = gnu99;
				GCC_NO_COMMON_BLOCKS = YES;
				GCC_WARN_64_TO_32_BIT_CONVERSION = YES;
				GCC_WARN_ABOUT_RETURN_TYPE = YES_ERROR;
				GCC_WARN_UNDECLARED_SELECTOR = YES;
				GCC_WARN_UNINITIALIZED_AUTOS = YES_AGGRESSIVE;
				GCC_WARN_UNUSED_FUNCTION = YES;
				GCC_WARN_UNUSED_VARIABLE = YES;
				MACOSX_DEPLOYMENT_TARGET = 10.12;
				MTL_ENABLE_DEBUG_INFO = NO;
				SDKROOT = macosx;
				SWIFT_OPTIMIZATION_LEVEL = "-Owholemodule";
			};
			name = Release;
		};
		D4B5C6F21E3984DA009794B2 /* Debug */ = {
			isa = XCBuildConfiguration;
			buildSettings = {
				ASSETCATALOG_COMPILER_APPICON_NAME = AppIcon;
				COMBINE_HIDPI_IMAGES = YES;
				DEVELOPMENT_TEAM = A975LQD622;
				INFOPLIST_FILE = CircleRun/Info.plist;
				LD_RUNPATH_SEARCH_PATHS = "$(inherited) @executable_path/../Frameworks";
				MACOSX_DEPLOYMENT_TARGET = 10.12;
				PRODUCT_BUNDLE_IDENTIFIER = VTR.CircleRun;
				PRODUCT_NAME = "$(TARGET_NAME)";
				SWIFT_VERSION = 3.0;
			};
			name = Debug;
		};
		D4B5C6F31E3984DA009794B2 /* Release */ = {
			isa = XCBuildConfiguration;
			buildSettings = {
				ASSETCATALOG_COMPILER_APPICON_NAME = AppIcon;
				COMBINE_HIDPI_IMAGES = YES;
				DEVELOPMENT_TEAM = A975LQD622;
				INFOPLIST_FILE = CircleRun/Info.plist;
				LD_RUNPATH_SEARCH_PATHS = "$(inherited) @executable_path/../Frameworks";
				MACOSX_DEPLOYMENT_TARGET = 10.12;
				PRODUCT_BUNDLE_IDENTIFIER = VTR.CircleRun;
				PRODUCT_NAME = "$(TARGET_NAME)";
				SWIFT_VERSION = 3.0;
			};
			name = Release;
		};
/* End XCBuildConfiguration section */

/* Begin XCConfigurationList section */
		D4B5C6D71E3984DA009794B2 /* Build configuration list for PBXProject "CircleRun" */ = {
			isa = XCConfigurationList;
			buildConfigurations = (
				D4B5C6EF1E3984DA009794B2 /* Debug */,
				D4B5C6F01E3984DA009794B2 /* Release */,
			);
			defaultConfigurationIsVisible = 0;
			defaultConfigurationName = Release;
		};
		D4B5C6F11E3984DA009794B2 /* Build configuration list for PBXNativeTarget "CircleRun" */ = {
			isa = XCConfigurationList;
			buildConfigurations = (
				D4B5C6F21E3984DA009794B2 /* Debug */,
				D4B5C6F31E3984DA009794B2 /* Release */,
			);
			defaultConfigurationIsVisible = 0;
		};
/* End XCConfigurationList section */
	};
	rootObject = D4B5C6D41E3984DA009794B2 /* Project object */;
}
